{
  "name": "{{project_name}}",
  "version": "0.1.0",
  "lockfileVersion": 1,
  "requires": true,
  "dependencies": {
    "@webassemblyjs/ast": {
      "version": "1.9.0",
      "resolved": "https://registry.npm.taobao.org/@webassemblyjs/ast/download/@webassemblyjs/ast-1.9.0.tgz",
      "integrity": "sha1-vYUGBLQEJFmlpBzX0zjL7Wle2WQ=",
      "dev": true,
      "requires": {
        "@webassemblyjs/helper-module-context": "1.9.0",
        "@webassemblyjs/helper-wasm-bytecode": "1.9.0",
        "@webassemblyjs/wast-parser": "1.9.0"
      }
    },
    "@webassemblyjs/floating-point-hex-parser": {
      "version": "1.9.0",
      "resolved": "https://registry.npm.taobao.org/@webassemblyjs/floating-point-hex-parser/download/@webassemblyjs/floating-point-hex-parser-1.9.0.tgz?cache=0&sync_timestamp=1610041494828&other_urls=https%3A%2F%2Fregistry.npm.taobao.org%2F%40webassemblyjs%2Ffloating-point-hex-parser%2Fdownload%2F%40webassemblyjs%2Ffloating-point-hex-parser-1.9.0.tgz",
      "integrity": "sha1-PD07Jxvd/ITesA9xNEQ4MR1S/7Q=",
      "dev": true
    },
    "@webassemblyjs/helper-api-error": {
      "version": "1.9.0",
      "resolved": "https://registry.npm.taobao.org/@webassemblyjs/helper-api-error/download/@webassemblyjs/helper-api-error-1.9.0.tgz",
      "integrity": "sha1-ID9nbjM7lsnaLuqzzO8zxFkotqI=",
      "dev": true
    },
    "@webassemblyjs/helper-code-frame": {
      "version": "1.9.0",
      "resolved": "https://registry.npm.taobao.org/@webassemblyjs/helper-code-frame/download/@webassemblyjs/helper-code-frame-1.9.0.tgz?cache=0&sync_timestamp=1610041493871&other_urls=https%3A%2F%2Fregistry.npm.taobao.org%2F%40webassemblyjs%2Fhelper-code-frame%2Fdownload%2F%40webassemblyjs%2Fhelper-code-frame-1.9.0.tgz",
      "integrity": "sha1-ZH+Iks0gQ6gqwMjF51w28dkVnyc=",
      "dev": true,
      "requires": {
        "@webassemblyjs/wast-printer": "1.9.0"
      }
    },
    "@webassemblyjs/helper-fsm": {
      "version": "1.9.0",
      "resolved": "https://registry.npm.taobao.org/@webassemblyjs/helper-fsm/download/@webassemblyjs/helper-fsm-1.9.0.tgz?cache=0&sync_timestamp=1610041181722&other_urls=https%3A%2F%2Fregistry.npm.taobao.org%2F%40webassemblyjs%2Fhelper-fsm%2Fdownload%2F%40webassemblyjs%2Fhelper-fsm-1.9.0.tgz",
      "integrity": "sha1-wFJWtxJEIUZx9LCOwQitY7cO3bg=",
      "dev": true
    },
    "@webassemblyjs/helper-module-context": {
      "version": "1.9.0",
      "resolved": "https://registry.npm.taobao.org/@webassemblyjs/helper-module-context/download/@webassemblyjs/helper-module-context-1.9.0.tgz",
      "integrity": "sha1-JdiIS3aDmHGgimxvgGw5ee9xLwc=",
      "dev": true,
      "requires": {
        "@webassemblyjs/ast": "1.9.0"
      }
    },
    "@webassemblyjs/helper-wasm-bytecode": {
      "version": "1.9.0",
      "resolved": "https://registry.npm.taobao.org/@webassemblyjs/helper-wasm-bytecode/download/@webassemblyjs/helper-wasm-bytecode-1.9.0.tgz",
      "integrity": "sha1-T+2L6sm4wU+MWLcNEk1UndH+V5A=",
      "dev": true
    },
    "@webassemblyjs/wast-parser": {
      "version": "1.9.0",
      "resolved": "https://registry.npm.taobao.org/@webassemblyjs/wast-parser/download/@webassemblyjs/wast-parser-1.9.0.tgz?cache=0&sync_timestamp=1610041489596&other_urls=https%3A%2F%2Fregistry.npm.taobao.org%2F%40webassemblyjs%2Fwast-parser%2Fdownload%2F%40webassemblyjs%2Fwast-parser-1.9.0.tgz",
      "integrity": "sha1-MDERXXmsW9JhVWzsw/qQo+9FGRQ=",
      "dev": true,
      "requires": {
        "@webassemblyjs/ast": "1.9.0",
        "@webassemblyjs/floating-point-hex-parser": "1.9.0",
        "@webassemblyjs/helper-api-error": "1.9.0",
        "@webassemblyjs/helper-code-frame": "1.9.0",
        "@webassemblyjs/helper-fsm": "1.9.0",
        "@xtuc/long": "4.2.2"
      }
    },
    "@webassemblyjs/wast-printer": {
      "version": "1.9.0",
      "resolved": "https://registry.npm.taobao.org/@webassemblyjs/wast-printer/download/@webassemblyjs/wast-printer-1.9.0.tgz?cache=0&sync_timestamp=1610041488066&other_urls=https%3A%2F%2Fregistry.npm.taobao.org%2F%40webassemblyjs%2Fwast-printer%2Fdownload%2F%40webassemblyjs%2Fwast-printer-1.9.0.tgz",
      "integrity": "sha1-STXVTIX+9jewDOn1I3dFHQDUeJk=",
      "dev": true,
      "requires": {
        "@webassemblyjs/ast": "1.9.0",
        "@webassemblyjs/wast-parser": "1.9.0",
        "@xtuc/long": "4.2.2"
      }
    },
    "@xtuc/long": {
      "version": "4.2.2",
      "resolved": "https://registry.npm.taobao.org/@xtuc/long/download/@xtuc/long-4.2.2.tgz",
      "integrity": "sha1-0pHGpOl5ibXGHZrPOWrk/hM6cY0=",
      "dev": true
    }
  }
}
